
Microsoft Visual Studio Solution File, Format Version 12.00
# Visual Studio Version 17
VisualStudioVersion = 17.7.34031.279
MinimumVisualStudioVersion = 10.0.40219.1
Project("{FAE04EC0-301F-11D3-BF4B-00C04F79EFBC}") = "proektik", "proektik\proektik.csproj", "{57A5A21A-65FD-4FD0-9F5D-6FD59810A0D5}"
EndProject
Global
	GlobalSection(SolutionConfigurationPlatforms) = preSolution
		Debug|Any CPU = Debug|Any CPU
		Release|Any CPU = Release|Any CPU
	EndGlobalSection
	GlobalSection(ProjectConfigurationPlatforms) = postSolution
		{57A5A21A-65FD-4FD0-9F5D-6FD59810A0D5}.Debug|Any CPU.ActiveCfg = Debug|Any CPU
		{57A5A21A-65FD-4FD0-9F5D-6FD59810A0D5}.Debug|Any CPU.Build.0 = Debug|Any CPU
		{57A5A21A-65FD-4FD0-9F5D-6FD59810A0D5}.Release|Any CPU.ActiveCfg = Release|Any CPU
		{57A5A21A-65FD-4FD0-9F5D-6FD59810A0D5}.Release|Any CPU.Build.0 = Release|Any CPU
	EndGlobalSection
	GlobalSection(SolutionProperties) = preSolution
		HideSolutionNode = FALSE
	EndGlobalSection
	GlobalSection(ExtensibilityGlobals) = postSolution
		SolutionGuid = {FE6584D5-90E2-4F66-BA08-656C589C742A}
	EndGlobalSection
EndGlobal
